
Microsoft Visual Studio Solution File, Format Version 12.00
# Visual Studio Version 16
VisualStudioVersion = 16.0.30204.135
MinimumVisualStudioVersion = 10.0.40219.1
Project("{FAE04EC0-301F-11D3-BF4B-00C04F79EFBC}") = "Codility15.4", "Codility15.4\Codility15.4.csproj", "{1925A999-C991-4278-A65D-07624E2CDD77}"
EndProject
Global
	GlobalSection(SolutionConfigurationPlatforms) = preSolution
		Debug|Any CPU = Debug|Any CPU
		Release|Any CPU = Release|Any CPU
	EndGlobalSection
	GlobalSection(ProjectConfigurationPlatforms) = postSolution
		{1925A999-C991-4278-A65D-07624E2CDD77}.Debug|Any CPU.ActiveCfg = Debug|Any CPU
		{1925A999-C991-4278-A65D-07624E2CDD77}.Debug|Any CPU.Build.0 = Debug|Any CPU
		{1925A999-C991-4278-A65D-07624E2CDD77}.Release|Any CPU.ActiveCfg = Release|Any CPU
		{1925A999-C991-4278-A65D-07624E2CDD77}.Release|Any CPU.Build.0 = Release|Any CPU
	EndGlobalSection
	GlobalSection(SolutionProperties) = preSolution
		HideSolutionNode = FALSE
	EndGlobalSection
	GlobalSection(ExtensibilityGlobals) = postSolution
		SolutionGuid = {4B6B8FCD-A47E-47FF-9DBC-861FDD002028}
	EndGlobalSection
EndGlobal
